
Microsoft Visual Studio Solution File, Format Version 12.00
# Visual Studio Version 17
VisualStudioVersion = 17.5.2.0
MinimumVisualStudioVersion = 10.0.40219.1
Project("{FAE04EC0-301F-11D3-BF4B-00C04F79EFBC}") = "FringeScraper", "Fringe.Scraper\FringeScraper.csproj", "{C4F779EB-1856-4930-82C1-FADAF0540D38}"
EndProject
Project("{FAE04EC0-301F-11D3-BF4B-00C04F79EFBC}") = "Fringe.API", "Fringe.API\Fringe.API.csproj", "{A26656C2-8261-4D6A-8422-B9F81F7CB8D9}"
EndProject
Project("{FAE04EC0-301F-11D3-BF4B-00C04F79EFBC}") = "Fringe.Data", "Fringe.Data\Fringe.Data.csproj", "{73ED6A57-744E-49A5-B2C0-6FF38B69E59C}"
EndProject
Project("{FAE04EC0-301F-11D3-BF4B-00C04F79EFBC}") = "Fringe.API.Tests", "Fringe.API.Tests\Fringe.API.Tests.csproj", "{2D6E5796-251C-4F57-AAB8-C8360B376AF5}"
EndProject
Project("{FAE04EC0-301F-11D3-BF4B-00C04F79EFBC}") = "Fringe.Data.Tests", "Fringe.Data.Tests\Fringe.Data.Tests.csproj", "{7687FE10-25B6-472E-883C-B15665923A73}"
EndProject
Project("{FAE04EC0-301F-11D3-BF4B-00C04F79EFBC}") = "Fringe.Scraper.Tests", "Fringe.Scraper.Tests\Fringe.Scraper.Tests.csproj", "{B226A145-E8ED-4433-9E5F-80143009B406}"
EndProject
Project("{2150E333-8FDC-42A3-9474-1A3956D46DE8}") = "Fringe.Scraper", "Fringe.Scraper", "{53E89C1B-517C-04ED-8B8E-1B05163CE420}"
EndProject
Global
	GlobalSection(SolutionConfigurationPlatforms) = preSolution
		Debug|Any CPU = Debug|Any CPU
		Debug|x64 = Debug|x64
		Debug|x86 = Debug|x86
		Release|Any CPU = Release|Any CPU
		Release|x64 = Release|x64
		Release|x86 = Release|x86
	EndGlobalSection
	GlobalSection(ProjectConfigurationPlatforms) = postSolution
		{C4F779EB-1856-4930-82C1-FADAF0540D38}.Debug|Any CPU.ActiveCfg = Debug|Any CPU
		{C4F779EB-1856-4930-82C1-FADAF0540D38}.Debug|Any CPU.Build.0 = Debug|Any CPU
		{C4F779EB-1856-4930-82C1-FADAF0540D38}.Debug|x64.ActiveCfg = Debug|Any CPU
		{C4F779EB-1856-4930-82C1-FADAF0540D38}.Debug|x64.Build.0 = Debug|Any CPU
		{C4F779EB-1856-4930-82C1-FADAF0540D38}.Debug|x86.ActiveCfg = Debug|Any CPU
		{C4F779EB-1856-4930-82C1-FADAF0540D38}.Debug|x86.Build.0 = Debug|Any CPU
		{C4F779EB-1856-4930-82C1-FADAF0540D38}.Release|Any CPU.ActiveCfg = Release|Any CPU
		{C4F779EB-1856-4930-82C1-FADAF0540D38}.Release|Any CPU.Build.0 = Release|Any CPU
		{C4F779EB-1856-4930-82C1-FADAF0540D38}.Release|x64.ActiveCfg = Release|Any CPU
		{C4F779EB-1856-4930-82C1-FADAF0540D38}.Release|x64.Build.0 = Release|Any CPU
		{C4F779EB-1856-4930-82C1-FADAF0540D38}.Release|x86.ActiveCfg = Release|Any CPU
		{C4F779EB-1856-4930-82C1-FADAF0540D38}.Release|x86.Build.0 = Release|Any CPU
		{A26656C2-8261-4D6A-8422-B9F81F7CB8D9}.Debug|Any CPU.ActiveCfg = Debug|Any CPU
		{A26656C2-8261-4D6A-8422-B9F81F7CB8D9}.Debug|Any CPU.Build.0 = Debug|Any CPU
		{A26656C2-8261-4D6A-8422-B9F81F7CB8D9}.Debug|x64.ActiveCfg = Debug|Any CPU
		{A26656C2-8261-4D6A-8422-B9F81F7CB8D9}.Debug|x64.Build.0 = Debug|Any CPU
		{A26656C2-8261-4D6A-8422-B9F81F7CB8D9}.Debug|x86.ActiveCfg = Debug|Any CPU
		{A26656C2-8261-4D6A-8422-B9F81F7CB8D9}.Debug|x86.Build.0 = Debug|Any CPU
		{A26656C2-8261-4D6A-8422-B9F81F7CB8D9}.Release|Any CPU.ActiveCfg = Release|Any CPU
		{A26656C2-8261-4D6A-8422-B9F81F7CB8D9}.Release|Any CPU.Build.0 = Release|Any CPU
		{A26656C2-8261-4D6A-8422-B9F81F7CB8D9}.Release|x64.ActiveCfg = Release|Any CPU
		{A26656C2-8261-4D6A-8422-B9F81F7CB8D9}.Release|x64.Build.0 = Release|Any CPU
		{A26656C2-8261-4D6A-8422-B9F81F7CB8D9}.Release|x86.ActiveCfg = Release|Any CPU
		{A26656C2-8261-4D6A-8422-B9F81F7CB8D9}.Release|x86.Build.0 = Release|Any CPU
		{73ED6A57-744E-49A5-B2C0-6FF38B69E59C}.Debug|Any CPU.ActiveCfg = Debug|Any CPU
		{73ED6A57-744E-49A5-B2C0-6FF38B69E59C}.Debug|Any CPU.Build.0 = Debug|Any CPU
		{73ED6A57-744E-49A5-B2C0-6FF38B69E59C}.Debug|x64.ActiveCfg = Debug|Any CPU
		{73ED6A57-744E-49A5-B2C0-6FF38B69E59C}.Debug|x64.Build.0 = Debug|Any CPU
		{73ED6A57-744E-49A5-B2C0-6FF38B69E59C}.Debug|x86.ActiveCfg = Debug|Any CPU
		{73ED6A57-744E-49A5-B2C0-6FF38B69E59C}.Debug|x86.Build.0 = Debug|Any CPU
		{73ED6A57-744E-49A5-B2C0-6FF38B69E59C}.Release|Any CPU.ActiveCfg = Release|Any CPU
		{73ED6A57-744E-49A5-B2C0-6FF38B69E59C}.Release|Any CPU.Build.0 = Release|Any CPU
		{73ED6A57-744E-49A5-B2C0-6FF38B69E59C}.Release|x64.ActiveCfg = Release|Any CPU
		{73ED6A57-744E-49A5-B2C0-6FF38B69E59C}.Release|x64.Build.0 = Release|Any CPU
		{73ED6A57-744E-49A5-B2C0-6FF38B69E59C}.Release|x86.ActiveCfg = Release|Any CPU
		{73ED6A57-744E-49A5-B2C0-6FF38B69E59C}.Release|x86.Build.0 = Release|Any CPU
		{2D6E5796-251C-4F57-AAB8-C8360B376AF5}.Debug|Any CPU.ActiveCfg = Debug|Any CPU
		{2D6E5796-251C-4F57-AAB8-C8360B376AF5}.Debug|Any CPU.Build.0 = Debug|Any CPU
		{2D6E5796-251C-4F57-AAB8-C8360B376AF5}.Debug|x64.ActiveCfg = Debug|Any CPU
		{2D6E5796-251C-4F57-AAB8-C8360B376AF5}.Debug|x64.Build.0 = Debug|Any CPU
		{2D6E5796-251C-4F57-AAB8-C8360B376AF5}.Debug|x86.ActiveCfg = Debug|Any CPU
		{2D6E5796-251C-4F57-AAB8-C8360B376AF5}.Debug|x86.Build.0 = Debug|Any CPU
		{2D6E5796-251C-4F57-AAB8-C8360B376AF5}.Release|Any CPU.ActiveCfg = Release|Any CPU
		{2D6E5796-251C-4F57-AAB8-C8360B376AF5}.Release|Any CPU.Build.0 = Release|Any CPU
		{2D6E5796-251C-4F57-AAB8-C8360B376AF5}.Release|x64.ActiveCfg = Release|Any CPU
		{2D6E5796-251C-4F57-AAB8-C8360B376AF5}.Release|x64.Build.0 = Release|Any CPU
		{2D6E5796-251C-4F57-AAB8-C8360B376AF5}.Release|x86.ActiveCfg = Release|Any CPU
		{2D6E5796-251C-4F57-AAB8-C8360B376AF5}.Release|x86.Build.0 = Release|Any CPU
		{7687FE10-25B6-472E-883C-B15665923A73}.Debug|Any CPU.ActiveCfg = Debug|Any CPU
		{7687FE10-25B6-472E-883C-B15665923A73}.Debug|Any CPU.Build.0 = Debug|Any CPU
		{7687FE10-25B6-472E-883C-B15665923A73}.Debug|x64.ActiveCfg = Debug|Any CPU
		{7687FE10-25B6-472E-883C-B15665923A73}.Debug|x64.Build.0 = Debug|Any CPU
		{7687FE10-25B6-472E-883C-B15665923A73}.Debug|x86.ActiveCfg = Debug|Any CPU
		{7687FE10-25B6-472E-883C-B15665923A73}.Debug|x86.Build.0 = Debug|Any CPU
		{7687FE10-25B6-472E-883C-B15665923A73}.Release|Any CPU.ActiveCfg = Release|Any CPU
		{7687FE10-25B6-472E-883C-B15665923A73}.Release|Any CPU.Build.0 = Release|Any CPU
		{7687FE10-25B6-472E-883C-B15665923A73}.Release|x64.ActiveCfg = Release|Any CPU
		{7687FE10-25B6-472E-883C-B15665923A73}.Release|x64.Build.0 = Release|Any CPU
		{7687FE10-25B6-472E-883C-B15665923A73}.Release|x86.ActiveCfg = Release|Any CPU
		{7687FE10-25B6-472E-883C-B15665923A73}.Release|x86.Build.0 = Release|Any CPU
		{B226A145-E8ED-4433-9E5F-80143009B406}.Debug|Any CPU.ActiveCfg = Debug|Any CPU
		{B226A145-E8ED-4433-9E5F-80143009B406}.Debug|Any CPU.Build.0 = Debug|Any CPU
		{B226A145-E8ED-4433-9E5F-80143009B406}.Debug|x64.ActiveCfg = Debug|Any CPU
		{B226A145-E8ED-4433-9E5F-80143009B406}.Debug|x64.Build.0 = Debug|Any CPU
		{B226A145-E8ED-4433-9E5F-80143009B406}.Debug|x86.ActiveCfg = Debug|Any CPU
		{B226A145-E8ED-4433-9E5F-80143009B406}.Debug|x86.Build.0 = Debug|Any CPU
		{B226A145-E8ED-4433-9E5F-80143009B406}.Release|Any CPU.ActiveCfg = Release|Any CPU
		{B226A145-E8ED-4433-9E5F-80143009B406}.Release|Any CPU.Build.0 = Release|Any CPU
		{B226A145-E8ED-4433-9E5F-80143009B406}.Release|x64.ActiveCfg = Release|Any CPU
		{B226A145-E8ED-4433-9E5F-80143009B406}.Release|x64.Build.0 = Release|Any CPU
		{B226A145-E8ED-4433-9E5F-80143009B406}.Release|x86.ActiveCfg = Release|Any CPU
		{B226A145-E8ED-4433-9E5F-80143009B406}.Release|x86.Build.0 = Release|Any CPU
	EndGlobalSection
	GlobalSection(SolutionProperties) = preSolution
		HideSolutionNode = FALSE
	EndGlobalSection
	GlobalSection(ExtensibilityGlobals) = postSolution
		SolutionGuid = {9E4CF573-A8A3-4D81-BCC0-567AC675914F}
	EndGlobalSection
EndGlobal
